
Microsoft Visual Studio Solution File, Format Version 12.00
# Visual Studio Version 16
VisualStudioVersion = 16.0.30413.136
MinimumVisualStudioVersion = 10.0.40219.1
Project("{FAE04EC0-301F-11D3-BF4B-00C04F79EFBC}") = "WebApplication_RazorPages_Movie", "WebApplication_RazorPages_Movie.csproj", "{943D49C3-FD75-406C-8A8F-F174534A0DF7}"
EndProject
Global
	GlobalSection(SolutionConfigurationPlatforms) = preSolution
		Debug|Any CPU = Debug|Any CPU
		Release|Any CPU = Release|Any CPU
	EndGlobalSection
	GlobalSection(ProjectConfigurationPlatforms) = postSolution
		{943D49C3-FD75-406C-8A8F-F174534A0DF7}.Debug|Any CPU.ActiveCfg = Debug|Any CPU
		{943D49C3-FD75-406C-8A8F-F174534A0DF7}.Debug|Any CPU.Build.0 = Debug|Any CPU
		{943D49C3-FD75-406C-8A8F-F174534A0DF7}.Release|Any CPU.ActiveCfg = Release|Any CPU
		{943D49C3-FD75-406C-8A8F-F174534A0DF7}.Release|Any CPU.Build.0 = Release|Any CPU
	EndGlobalSection
	GlobalSection(SolutionProperties) = preSolution
		HideSolutionNode = FALSE
	EndGlobalSection
	GlobalSection(ExtensibilityGlobals) = postSolution
		SolutionGuid = {6FBE3DCE-92F2-4213-B52C-9B6B7614623C}
	EndGlobalSection
EndGlobal
